
Microsoft Visual Studio Solution File, Format Version 12.00
# Visual Studio Version 17
VisualStudioVersion = 17.1.32421.90
MinimumVisualStudioVersion = 10.0.40219.1
Project("{FAE04EC0-301F-11D3-BF4B-00C04F79EFBC}") = "LANDRS", "LANDRS\LANDRS.csproj", "{E60126A7-C420-46E5-8A46-44A3E39D591F}"
EndProject
Global
	GlobalSection(SolutionConfigurationPlatforms) = preSolution
		Debug|Any CPU = Debug|Any CPU
		Release|Any CPU = Release|Any CPU
	EndGlobalSection
	GlobalSection(ProjectConfigurationPlatforms) = postSolution
		{E60126A7-C420-46E5-8A46-44A3E39D591F}.Debug|Any CPU.ActiveCfg = Debug|Any CPU
		{E60126A7-C420-46E5-8A46-44A3E39D591F}.Debug|Any CPU.Build.0 = Debug|Any CPU
		{E60126A7-C420-46E5-8A46-44A3E39D591F}.Release|Any CPU.ActiveCfg = Release|Any CPU
		{E60126A7-C420-46E5-8A46-44A3E39D591F}.Release|Any CPU.Build.0 = Release|Any CPU
	EndGlobalSection
	GlobalSection(SolutionProperties) = preSolution
		HideSolutionNode = FALSE
	EndGlobalSection
	GlobalSection(ExtensibilityGlobals) = postSolution
		SolutionGuid = {F91DF28B-0AC0-433C-88AB-91EFB15E800E}
	EndGlobalSection
EndGlobal
